// !$*UTF8*$!
{
	archiveVersion = 1;
	classes = {
	};
	objectVersion = 55;
	objects = {

/* Begin PBXBuildFile section */
		7EF2C00F274D89A800EF7413 /* AppDelegate.swift in Sources */ = {isa = PBXBuildFile; fileRef = 7EF2C00E274D89A800EF7413 /* AppDelegate.swift */; };
		7EF2C011274D89A800EF7413 /* SceneDelegate.swift in Sources */ = {isa = PBXBuildFile; fileRef = 7EF2C010274D89A800EF7413 /* SceneDelegate.swift */; };
		7EF2C013274D89A800EF7413 /* ViewController.swift in Sources */ = {isa = PBXBuildFile; fileRef = 7EF2C012274D89A800EF7413 /* ViewController.swift */; };
		7EF2C016274D89A800EF7413 /* Main.storyboard in Resources */ = {isa = PBXBuildFile; fileRef = 7EF2C014274D89A800EF7413 /* Main.storyboard */; };
		7EF2C019274D89A800EF7413 /* CodeData_App.xcdatamodeld in Sources */ = {isa = PBXBuildFile; fileRef = 7EF2C017274D89A800EF7413 /* CodeData_App.xcdatamodeld */; };
		7EF2C01B274D89A900EF7413 /* Assets.xcassets in Resources */ = {isa = PBXBuildFile; fileRef = 7EF2C01A274D89A900EF7413 /* Assets.xcassets */; };
		7EF2C01E274D89A900EF7413 /* LaunchScreen.storyboard in Resources */ = {isa = PBXBuildFile; fileRef = 7EF2C01C274D89A900EF7413 /* LaunchScreen.storyboard */; };
		7EF2C027274D8A9600EF7413 /* ToDoListItem+CoreDataClass.swift in Sources */ = {isa = PBXBuildFile; fileRef = 7EF2C025274D8A9600EF7413 /* ToDoListItem+CoreDataClass.swift */; };
		7EF2C028274D8A9600EF7413 /* ToDoListItem+CoreDataProperties.swift in Sources */ = {isa = PBXBuildFile; fileRef = 7EF2C026274D8A9600EF7413 /* ToDoListItem+CoreDataProperties.swift */; };
/* End PBXBuildFile section */

/* Begin PBXFileReference section */
		7EF2C00B274D89A800EF7413 /* CodeData_App.app */ = {isa = PBXFileReference; explicitFileType = wrapper.application; includeInIndex = 0; path = CodeData_App.app; sourceTree = BUILT_PRODUCTS_DIR; };
		7EF2C00E274D89A800EF7413 /* AppDelegate.swift */ = {isa = PBXFileReference; lastKnownFileType = sourcecode.swift; path = AppDelegate.swift; sourceTree = "<group>"; };
		7EF2C010274D89A800EF7413 /* SceneDelegate.swift */ = {isa = PBXFileReference; lastKnownFileType = sourcecode.swift; path = SceneDelegate.swift; sourceTree = "<group>"; };
		7EF2C012274D89A800EF7413 /* ViewController.swift */ = {isa = PBXFileReference; lastKnownFileType = sourcecode.swift; path = ViewController.swift; sourceTree = "<group>"; };
		7EF2C015274D89A800EF7413 /* Base */ = {isa = PBXFileReference; lastKnownFileType = file.storyboard; name = Base; path = Base.lproj/Main.storyboard; sourceTree = "<group>"; };
		7EF2C018274D89A800EF7413 /* CodeData_App.xcdatamodel */ = {isa = PBXFileReference; lastKnownFileType = wrapper.xcdatamodel; path = CodeData_App.xcdatamodel; sourceTree = "<group>"; };
		7EF2C01A274D89A900EF7413 /* Assets.xcassets */ = {isa = PBXFileReference; lastKnownFileType = folder.assetcatalog; path = Assets.xcassets; sourceTree = "<group>"; };
		7EF2C01D274D89A900EF7413 /* Base */ = {isa = PBXFileReference; lastKnownFileType = file.storyboard; name = Base; path = Base.lproj/LaunchScreen.storyboard; sourceTree = "<group>"; };
		7EF2C01F274D89A900EF7413 /* Info.plist */ = {isa = PBXFileReference; lastKnownFileType = text.plist.xml; path = Info.plist; sourceTree = "<group>"; };
		7EF2C025274D8A9600EF7413 /* ToDoListItem+CoreDataClass.swift */ = {isa = PBXFileReference; lastKnownFileType = sourcecode.swift; path = "ToDoListItem+CoreDataClass.swift"; sourceTree = "<group>"; };
		7EF2C026274D8A9600EF7413 /* ToDoListItem+CoreDataProperties.swift */ = {isa = PBXFileReference; lastKnownFileType = sourcecode.swift; path = "ToDoListItem+CoreDataProperties.swift"; sourceTree = "<group>"; };
/* End PBXFileReference section */

/* Begin PBXFrameworksBuildPhase section */
		7EF2C008274D89A800EF7413 /* Frameworks */ = {
			isa = PBXFrameworksBuildPhase;
			buildActionMask = 2147483647;
			files = (
			);
			runOnlyForDeploymentPostprocessing = 0;
		};
/* End PBXFrameworksBuildPhase section */

/* Begin PBXGroup section */
		7EF2C002274D89A800EF7413 = {
			isa = PBXGroup;
			children = (
				7EF2C00D274D89A800EF7413 /* CodeData_App */,
				7EF2C00C274D89A800EF7413 /* Products */,
			);
			sourceTree = "<group>";
		};
		7EF2C00C274D89A800EF7413 /* Products */ = {
			isa = PBXGroup;
			children = (
				7EF2C00B274D89A800EF7413 /* CodeData_App.app */,
			);
			name = Products;
			sourceTree = "<group>";
		};
		7EF2C00D274D89A800EF7413 /* CodeData_App */ = {
			isa = PBXGroup;
			children = (
				7EF2C029274D8AA200EF7413 /* ToDoList */,
				7EF2C00E274D89A800EF7413 /* AppDelegate.swift */,
				7EF2C010274D89A800EF7413 /* SceneDelegate.swift */,
				7EF2C012274D89A800EF7413 /* ViewController.swift */,
				7EF2C014274D89A800EF7413 /* Main.storyboard */,
				7EF2C01A274D89A900EF7413 /* Assets.xcassets */,
				7EF2C01C274D89A900EF7413 /* LaunchScreen.storyboard */,
				7EF2C01F274D89A900EF7413 /* Info.plist */,
				7EF2C017274D89A800EF7413 /* CodeData_App.xcdatamodeld */,
			);
			path = CodeData_App;
			sourceTree = "<group>";
		};
		7EF2C029274D8AA200EF7413 /* ToDoList */ = {
			isa = PBXGroup;
			children = (
				7EF2C025274D8A9600EF7413 /* ToDoListItem+CoreDataClass.swift */,
				7EF2C026274D8A9600EF7413 /* ToDoListItem+CoreDataProperties.swift */,
			);
			path = ToDoList;
			sourceTree = "<group>";
		};
/* End PBXGroup section */

/* Begin PBXNativeTarget section */
		7EF2C00A274D89A800EF7413 /* CodeData_App */ = {
			isa = PBXNativeTarget;
			buildConfigurationList = 7EF2C022274D89A900EF7413 /* Build configuration list for PBXNativeTarget "CodeData_App" */;
			buildPhases = (
				7EF2C007274D89A800EF7413 /* Sources */,
				7EF2C008274D89A800EF7413 /* Frameworks */,
				7EF2C009274D89A800EF7413 /* Resources */,
			);
			buildRules = (
			);
			dependencies = (
			);
			name = CodeData_App;
			productName = CodeData_App;
			productReference = 7EF2C00B274D89A800EF7413 /* CodeData_App.app */;
			productType = "com.apple.product-type.application";
		};
/* End PBXNativeTarget section */

/* Begin PBXProject section */
		7EF2C003274D89A800EF7413 /* Project object */ = {
			isa = PBXProject;
			attributes = {
				BuildIndependentTargetsInParallel = 1;
				LastSwiftUpdateCheck = 1310;
				LastUpgradeCheck = 1310;
				TargetAttributes = {
					7EF2C00A274D89A800EF7413 = {
						CreatedOnToolsVersion = 13.1;
					};
				};
			};
			buildConfigurationList = 7EF2C006274D89A800EF7413 /* Build configuration list for PBXProject "CodeData_App" */;
			compatibilityVersion = "Xcode 13.0";
			developmentRegion = en;
			hasScannedForEncodings = 0;
			knownRegions = (
				en,
				Base,
			);
			mainGroup = 7EF2C002274D89A800EF7413;
			productRefGroup = 7EF2C00C274D89A800EF7413 /* Products */;
			projectDirPath = "";
			projectRoot = "";
			targets = (
				7EF2C00A274D89A800EF7413 /* CodeData_App */,
			);
		};
/* End PBXProject section */

/* Begin PBXResourcesBuildPhase section */
		7EF2C009274D89A800EF7413 /* Resources */ = {
			isa = PBXResourcesBuildPhase;
			buildActionMask = 2147483647;
			files = (
				7EF2C01E274D89A900EF7413 /* LaunchScreen.storyboard in Resources */,
				7EF2C01B274D89A900EF7413 /* Assets.xcassets in Resources */,
				7EF2C016274D89A800EF7413 /* Main.storyboard in Resources */,
			);
			runOnlyForDeploymentPostprocessing = 0;
		};
/* End PBXResourcesBuildPhase section */

/* Begin PBXSourcesBuildPhase section */
		7EF2C007274D89A800EF7413 /* Sources */ = {
			isa = PBXSourcesBuildPhase;
			buildActionMask = 2147483647;
			files = (
				7EF2C013274D89A800EF7413 /* ViewController.swift in Sources */,
				7EF2C00F274D89A800EF7413 /* AppDelegate.swift in Sources */,
				7EF2C019274D89A800EF7413 /* CodeData_App.xcdatamodeld in Sources */,
				7EF2C027274D8A9600EF7413 /* ToDoListItem+CoreDataClass.swift in Sources */,
				7EF2C028274D8A9600EF7413 /* ToDoListItem+CoreDataProperties.swift in Sources */,
				7EF2C011274D89A800EF7413 /* SceneDelegate.swift in Sources */,
			);
			runOnlyForDeploymentPostprocessing = 0;
		};
/* End PBXSourcesBuildPhase section */

/* Begin PBXVariantGroup section */
		7EF2C014274D89A800EF7413 /* Main.storyboard */ = {
			isa = PBXVariantGroup;
			children = (
				7EF2C015274D89A800EF7413 /* Base */,
			);
			name = Main.storyboard;
			sourceTree = "<group>";
		};
		7EF2C01C274D89A900EF7413 /* LaunchScreen.storyboard */ = {
			isa = PBXVariantGroup;
			children = (
				7EF2C01D274D89A900EF7413 /* Base */,
			);
			name = LaunchScreen.storyboard;
			sourceTree = "<group>";
		};
/* End PBXVariantGroup section */

/* Begin XCBuildConfiguration section */
		7EF2C020274D89A900EF7413 /* Debug */ = {
			isa = XCBuildConfiguration;
			buildSettings = {
				ALWAYS_SEARCH_USER_PATHS = NO;
				CLANG_ANALYZER_NONNULL = YES;
				CLANG_ANALYZER_NUMBER_OBJECT_CONVERSION = YES_AGGRESSIVE;
				CLANG_CXX_LANGUAGE_STANDARD = "gnu++17";
				CLANG_CXX_LIBRARY = "libc++";
				CLANG_ENABLE_MODULES = YES;
				CLANG_ENABLE_OBJC_ARC = YES;
				CLANG_ENABLE_OBJC_WEAK = YES;
				CLANG_WARN_BLOCK_CAPTURE_AUTORELEASING = YES;
				CLANG_WARN_BOOL_CONVERSION = YES;
				CLANG_WARN_COMMA = YES;
				CLANG_WARN_CONSTANT_CONVERSION = YES;
				CLANG_WARN_DEPRECATED_OBJC_IMPLEMENTATIONS = YES;
				CLANG_WARN_DIRECT_OBJC_ISA_USAGE = YES_ERROR;
				CLANG_WARN_DOCUMENTATION_COMMENTS = YES;
				CLANG_WARN_EMPTY_BODY = YES;
				CLANG_WARN_ENUM_CONVERSION = YES;
				CLANG_WARN_INFINITE_RECURSION = YES;
				CLANG_WARN_INT_CONVERSION = YES;
				CLANG_WARN_NON_LITERAL_NULL_CONVERSION = YES;
				CLANG_WARN_OBJC_IMPLICIT_RETAIN_SELF = YES;
				CLANG_WARN_OBJC_LITERAL_CONVERSION = YES;
				CLANG_WARN_OBJC_ROOT_CLASS = YES_ERROR;
				CLANG_WARN_QUOTED_INCLUDE_IN_FRAMEWORK_HEADER = YES;
				CLANG_WARN_RANGE_LOOP_ANALYSIS = YES;
				CLANG_WARN_STRICT_PROTOTYPES = YES;
				CLANG_WARN_SUSPICIOUS_MOVE = YES;
				CLANG_WARN_UNGUARDED_AVAILABILITY = YES_AGGRESSIVE;
				CLANG_WARN_UNREACHABLE_CODE = YES;
				CLANG_WARN__DUPLICATE_METHOD_MATCH = YES;
				COPY_PHASE_STRIP = NO;
				DEBUG_INFORMATION_FORMAT = dwarf;
				ENABLE_STRICT_OBJC_MSGSEND = YES;
				ENABLE_TESTABILITY = YES;
				GCC_C_LANGUAGE_STANDARD = gnu11;
				GCC_DYNAMIC_NO_PIC = NO;
				GCC_NO_COMMON_BLOCKS = YES;
				GCC_OPTIMIZATION_LEVEL = 0;
				GCC_PREPROCESSOR_DEFINITIONS = (
					"DEBUG=1",
					"$(inherited)",
				);
				GCC_WARN_64_TO_32_BIT_CONVERSION = YES;
				GCC_WARN_ABOUT_RETURN_TYPE = YES_ERROR;
				GCC_WARN_UNDECLARED_SELECTOR = YES;
				GCC_WARN_UNINITIALIZED_AUTOS = YES_AGGRESSIVE;
				GCC_WARN_UNUSED_FUNCTION = YES;
				GCC_WARN_UNUSED_VARIABLE = YES;
				IPHONEOS_DEPLOYMENT_TARGET = 15.0;
				MTL_ENABLE_DEBUG_INFO = INCLUDE_SOURCE;
				MTL_FAST_MATH = YES;
				ONLY_ACTIVE_ARCH = YES;
				SDKROOT = iphoneos;
				SWIFT_ACTIVE_COMPILATION_CONDITIONS = DEBUG;
				SWIFT_OPTIMIZATION_LEVEL = "-Onone";
			};
			name = Debug;
		};
		7EF2C021274D89A900EF7413 /* Release */ = {
			isa = XCBuildConfiguration;
			buildSettings = {
				ALWAYS_SEARCH_USER_PATHS = NO;
				CLANG_ANALYZER_NONNULL = YES;
				CLANG_ANALYZER_NUMBER_OBJECT_CONVERSION = YES_AGGRESSIVE;
				CLANG_CXX_LANGUAGE_STANDARD = "gnu++17";
				CLANG_CXX_LIBRARY = "libc++";
				CLANG_ENABLE_MODULES = YES;
				CLANG_ENABLE_OBJC_ARC = YES;
				CLANG_ENABLE_OBJC_WEAK = YES;
				CLANG_WARN_BLOCK_CAPTURE_AUTORELEASING = YES;
				CLANG_WARN_BOOL_CONVERSION = YES;
				CLANG_WARN_COMMA = YES;
				CLANG_WARN_CONSTANT_CONVERSION = YES;
				CLANG_WARN_DEPRECATED_OBJC_IMPLEMENTATIONS = YES;
				CLANG_WARN_DIRECT_OBJC_ISA_USAGE = YES_ERROR;
				CLANG_WARN_DOCUMENTATION_COMMENTS = YES;
				CLANG_WARN_EMPTY_BODY = YES;
				CLANG_WARN_ENUM_CONVERSION = YES;
				CLANG_WARN_INFINITE_RECURSION = YES;
				CLANG_WARN_INT_CONVERSION = YES;
				CLANG_WARN_NON_LITERAL_NULL_CONVERSION = YES;
				CLANG_WARN_OBJC_IMPLICIT_RETAIN_SELF = YES;
				CLANG_WARN_OBJC_LITERAL_CONVERSION = YES;
				CLANG_WARN_OBJC_ROOT_CLASS = YES_ERROR;
				CLANG_WARN_QUOTED_INCLUDE_IN_FRAMEWORK_HEADER = YES;
				CLANG_WARN_RANGE_LOOP_ANALYSIS = YES;
				CLANG_WARN_STRICT_PROTOTYPES = YES;
				CLANG_WARN_SUSPICIOUS_MOVE = YES;
				CLANG_WARN_UNGUARDED_AVAILABILITY = YES_AGGRESSIVE;
				CLANG_WARN_UNREACHABLE_CODE = YES;
				CLANG_WARN__DUPLICATE_METHOD_MATCH = YES;
				COPY_PHASE_STRIP = NO;
				DEBUG_INFORMATION_FORMAT = "dwarf-with-dsym";
				ENABLE_NS_ASSERTIONS = NO;
				ENABLE_STRICT_OBJC_MSGSEND = YES;
				GCC_C_LANGUAGE_STANDARD = gnu11;
				GCC_NO_COMMON_BLOCKS = YES;
				GCC_WARN_64_TO_32_BIT_CONVERSION = YES;
				GCC_WARN_ABOUT_RETURN_TYPE = YES_ERROR;
				GCC_WARN_UNDECLARED_SELECTOR = YES;
				GCC_WARN_UNINITIALIZED_AUTOS = YES_AGGRESSIVE;
				GCC_WARN_UNUSED_FUNCTION = YES;
				GCC_WARN_UNUSED_VARIABLE = YES;
				IPHONEOS_DEPLOYMENT_TARGET = 15.0;
				MTL_ENABLE_DEBUG_INFO = NO;
				MTL_FAST_MATH = YES;
				SDKROOT = iphoneos;
				SWIFT_COMPILATION_MODE = wholemodule;
				SWIFT_OPTIMIZATION_LEVEL = "-O";
				VALIDATE_PRODUCT = YES;
			};
			name = Release;
		};
		7EF2C023274D89A900EF7413 /* Debug */ = {
			isa = XCBuildConfiguration;
			buildSettings = {
				ASSETCATALOG_COMPILER_APPICON_NAME = AppIcon;
				ASSETCATALOG_COMPILER_GLOBAL_ACCENT_COLOR_NAME = AccentColor;
				CODE_SIGN_STYLE = Automatic;
				CURRENT_PROJECT_VERSION = 1;
				DEVELOPMENT_TEAM = SGFQ55R4UD;
				GENERATE_INFOPLIST_FILE = YES;
				INFOPLIST_FILE = CodeData_App/Info.plist;
				INFOPLIST_KEY_UIApplicationSupportsIndirectInputEvents = YES;
				INFOPLIST_KEY_UILaunchStoryboardName = LaunchScreen;
				INFOPLIST_KEY_UIMainStoryboardFile = Main;
				INFOPLIST_KEY_UISupportedInterfaceOrientations_iPad = "UIInterfaceOrientationPortrait UIInterfaceOrientationPortraitUpsideDown UIInterfaceOrientationLandscapeLeft UIInterfaceOrientationLandscapeRight";
				INFOPLIST_KEY_UISupportedInterfaceOrientations_iPhone = "UIInterfaceOrientationPortrait UIInterfaceOrientationLandscapeLeft UIInterfaceOrientationLandscapeRight";
				LD_RUNPATH_SEARCH_PATHS = (
					"$(inherited)",
					"@executable_path/Frameworks",
				);
				MARKETING_VERSION = 1.0;
				PRODUCT_BUNDLE_IDENTIFIER = "Fedor-Sychev.CodeData-App";
				PRODUCT_NAME = "$(TARGET_NAME)";
				SWIFT_EMIT_LOC_STRINGS = YES;
				SWIFT_VERSION = 5.0;
				TARGETED_DEVICE_FAMILY = "1,2";
			};
			name = Debug;
		};
		7EF2C024274D89A900EF7413 /* Release */ = {
			isa = XCBuildConfiguration;
			buildSettings = {
				ASSETCATALOG_COMPILER_APPICON_NAME = AppIcon;
				ASSETCATALOG_COMPILER_GLOBAL_ACCENT_COLOR_NAME = AccentColor;
				CODE_SIGN_STYLE = Automatic;
				CURRENT_PROJECT_VERSION = 1;
				DEVELOPMENT_TEAM = SGFQ55R4UD;
				GENERATE_INFOPLIST_FILE = YES;
				INFOPLIST_FILE = CodeData_App/Info.plist;
				INFOPLIST_KEY_UIApplicationSupportsIndirectInputEvents = YES;
				INFOPLIST_KEY_UILaunchStoryboardName = LaunchScreen;
				INFOPLIST_KEY_UIMainStoryboardFile = Main;
				INFOPLIST_KEY_UISupportedInterfaceOrientations_iPad = "UIInterfaceOrientationPortrait UIInterfaceOrientationPortraitUpsideDown UIInterfaceOrientationLandscapeLeft UIInterfaceOrientationLandscapeRight";
				INFOPLIST_KEY_UISupportedInterfaceOrientations_iPhone = "UIInterfaceOrientationPortrait UIInterfaceOrientationLandscapeLeft UIInterfaceOrientationLandscapeRight";
				LD_RUNPATH_SEARCH_PATHS = (
					"$(inherited)",
					"@executable_path/Frameworks",
				);
				MARKETING_VERSION = 1.0;
				PRODUCT_BUNDLE_IDENTIFIER = "Fedor-Sychev.CodeData-App";
				PRODUCT_NAME = "$(TARGET_NAME)";
				SWIFT_EMIT_LOC_STRINGS = YES;
				SWIFT_VERSION = 5.0;
				TARGETED_DEVICE_FAMILY = "1,2";
			};
			name = Release;
		};
/* End XCBuildConfiguration section */

/* Begin XCConfigurationList section */
		7EF2C006274D89A800EF7413 /* Build configuration list for PBXProject "CodeData_App" */ = {
			isa = XCConfigurationList;
			buildConfigurations = (
				7EF2C020274D89A900EF7413 /* Debug */,
				7EF2C021274D89A900EF7413 /* Release */,
			);
			defaultConfigurationIsVisible = 0;
			defaultConfigurationName = Release;
		};
		7EF2C022274D89A900EF7413 /* Build configuration list for PBXNativeTarget "CodeData_App" */ = {
			isa = XCConfigurationList;
			buildConfigurations = (
				7EF2C023274D89A900EF7413 /* Debug */,
				7EF2C024274D89A900EF7413 /* Release */,
			);
			defaultConfigurationIsVisible = 0;
			defaultConfigurationName = Release;
		};
/* End XCConfigurationList section */

/* Begin XCVersionGroup section */
		7EF2C017274D89A800EF7413 /* CodeData_App.xcdatamodeld */ = {
			isa = XCVersionGroup;
			children = (
				7EF2C018274D89A800EF7413 /* CodeData_App.xcdatamodel */,
			);
			currentVersion = 7EF2C018274D89A800EF7413 /* CodeData_App.xcdatamodel */;
			path = CodeData_App.xcdatamodeld;
			sourceTree = "<group>";
			versionGroupType = wrapper.xcdatamodel;
		};
/* End XCVersionGroup section */
	};
	rootObject = 7EF2C003274D89A800EF7413 /* Project object */;
}
